
Microsoft Visual Studio Solution File, Format Version 12.00
# Visual Studio Version 17
VisualStudioVersion = 17.14.36408.4
MinimumVisualStudioVersion = 10.0.40219.1
Project("{2150E333-8FDC-42A3-9474-1A3956D46DE8}") = "src", "src", "{02EA681E-C7D8-13C7-8484-4AC65E1B71E8}"
EndProject
Project("{FAE04EC0-301F-11D3-BF4B-00C04F79EFBC}") = "Catalog.Web.Api", "Catalog.Web.Api\Catalog.Web.Api.csproj", "{3D54C184-0256-4DF1-8B13-6F91296A14EB}"
EndProject
Project("{FAE04EC0-301F-11D3-BF4B-00C04F79EFBC}") = "Catalog.Domain", "Catalog.Domain\Catalog.Domain.csproj", "{70D2CE42-F853-4035-86C8-5DA3D9669695}"
EndProject
Project("{FAE04EC0-301F-11D3-BF4B-00C04F79EFBC}") = "Catalog.Application", "Catalog.Application\Catalog.Application.csproj", "{C05F1FEF-2076-44ED-AC1C-19D484739036}"
EndProject
Project("{FAE04EC0-301F-11D3-BF4B-00C04F79EFBC}") = "Catalog.Infrastructure", "Catalog.Infrastructure\Catalog.Infrastructure.csproj", "{D23B1872-BD4B-47DB-9AC3-A4183475F297}"
EndProject
Project("{FAE04EC0-301F-11D3-BF4B-00C04F79EFBC}") = "Shared.Defaults", "Shared.Defaults\Shared.Defaults.csproj", "{A30F3698-EE74-40A3-B082-073CEFADE148}"
EndProject
Project("{E53339B2-1760-4266-BCC7-CA923CBCF16C}") = "docker-compose", "docker-compose.dcproj", "{81DDED9D-158B-E303-5F62-77A2896D2A5A}"
EndProject
Project("{2150E333-8FDC-42A3-9474-1A3956D46DE8}") = "test", "test", "{DC491762-BDA6-409B-BBE1-B4FEA9FD609E}"
EndProject
Project("{FAE04EC0-301F-11D3-BF4B-00C04F79EFBC}") = "Integration.Tests", "Integration.Tests\Integration.Tests.csproj", "{2B3ED892-ADEF-4DB8-B8AB-3196C0EB6D4E}"
EndProject
Project("{2150E333-8FDC-42A3-9474-1A3956D46DE8}") = "[git]", "[git]", "{89C541F9-A294-453D-84D0-4E88EF6829F1}"
	ProjectSection(SolutionItems) = preProject
		GitWorkFlowActionRunTests.yml = GitWorkFlowActionRunTests.yml
	EndProjectSection
EndProject
Project("{FAE04EC0-301F-11D3-BF4B-00C04F79EFBC}") = "Unit.Tests", "Unit.Tests\Unit.Tests.csproj", "{F8837F28-D763-4DE2-19B7-D91858BE8F7A}"
EndProject
Global
	GlobalSection(SolutionConfigurationPlatforms) = preSolution
		Debug|Any CPU = Debug|Any CPU
		Release|Any CPU = Release|Any CPU
	EndGlobalSection
	GlobalSection(ProjectConfigurationPlatforms) = postSolution
		{3D54C184-0256-4DF1-8B13-6F91296A14EB}.Debug|Any CPU.ActiveCfg = Debug|Any CPU
		{3D54C184-0256-4DF1-8B13-6F91296A14EB}.Debug|Any CPU.Build.0 = Debug|Any CPU
		{3D54C184-0256-4DF1-8B13-6F91296A14EB}.Release|Any CPU.ActiveCfg = Release|Any CPU
		{3D54C184-0256-4DF1-8B13-6F91296A14EB}.Release|Any CPU.Build.0 = Release|Any CPU
		{70D2CE42-F853-4035-86C8-5DA3D9669695}.Debug|Any CPU.ActiveCfg = Debug|Any CPU
		{70D2CE42-F853-4035-86C8-5DA3D9669695}.Debug|Any CPU.Build.0 = Debug|Any CPU
		{70D2CE42-F853-4035-86C8-5DA3D9669695}.Release|Any CPU.ActiveCfg = Release|Any CPU
		{70D2CE42-F853-4035-86C8-5DA3D9669695}.Release|Any CPU.Build.0 = Release|Any CPU
		{C05F1FEF-2076-44ED-AC1C-19D484739036}.Debug|Any CPU.ActiveCfg = Debug|Any CPU
		{C05F1FEF-2076-44ED-AC1C-19D484739036}.Debug|Any CPU.Build.0 = Debug|Any CPU
		{C05F1FEF-2076-44ED-AC1C-19D484739036}.Release|Any CPU.ActiveCfg = Release|Any CPU
		{C05F1FEF-2076-44ED-AC1C-19D484739036}.Release|Any CPU.Build.0 = Release|Any CPU
		{D23B1872-BD4B-47DB-9AC3-A4183475F297}.Debug|Any CPU.ActiveCfg = Debug|Any CPU
		{D23B1872-BD4B-47DB-9AC3-A4183475F297}.Debug|Any CPU.Build.0 = Debug|Any CPU
		{D23B1872-BD4B-47DB-9AC3-A4183475F297}.Release|Any CPU.ActiveCfg = Release|Any CPU
		{D23B1872-BD4B-47DB-9AC3-A4183475F297}.Release|Any CPU.Build.0 = Release|Any CPU
		{A30F3698-EE74-40A3-B082-073CEFADE148}.Debug|Any CPU.ActiveCfg = Debug|Any CPU
		{A30F3698-EE74-40A3-B082-073CEFADE148}.Debug|Any CPU.Build.0 = Debug|Any CPU
		{A30F3698-EE74-40A3-B082-073CEFADE148}.Release|Any CPU.ActiveCfg = Release|Any CPU
		{A30F3698-EE74-40A3-B082-073CEFADE148}.Release|Any CPU.Build.0 = Release|Any CPU
		{81DDED9D-158B-E303-5F62-77A2896D2A5A}.Debug|Any CPU.ActiveCfg = Debug|Any CPU
		{81DDED9D-158B-E303-5F62-77A2896D2A5A}.Debug|Any CPU.Build.0 = Debug|Any CPU
		{81DDED9D-158B-E303-5F62-77A2896D2A5A}.Release|Any CPU.ActiveCfg = Release|Any CPU
		{81DDED9D-158B-E303-5F62-77A2896D2A5A}.Release|Any CPU.Build.0 = Release|Any CPU
		{2B3ED892-ADEF-4DB8-B8AB-3196C0EB6D4E}.Debug|Any CPU.ActiveCfg = Debug|Any CPU
		{2B3ED892-ADEF-4DB8-B8AB-3196C0EB6D4E}.Debug|Any CPU.Build.0 = Debug|Any CPU
		{2B3ED892-ADEF-4DB8-B8AB-3196C0EB6D4E}.Release|Any CPU.ActiveCfg = Release|Any CPU
		{2B3ED892-ADEF-4DB8-B8AB-3196C0EB6D4E}.Release|Any CPU.Build.0 = Release|Any CPU
		{F8837F28-D763-4DE2-19B7-D91858BE8F7A}.Debug|Any CPU.ActiveCfg = Debug|Any CPU
		{F8837F28-D763-4DE2-19B7-D91858BE8F7A}.Debug|Any CPU.Build.0 = Debug|Any CPU
		{F8837F28-D763-4DE2-19B7-D91858BE8F7A}.Release|Any CPU.ActiveCfg = Release|Any CPU
		{F8837F28-D763-4DE2-19B7-D91858BE8F7A}.Release|Any CPU.Build.0 = Release|Any CPU
	EndGlobalSection
	GlobalSection(SolutionProperties) = preSolution
		HideSolutionNode = FALSE
	EndGlobalSection
	GlobalSection(NestedProjects) = preSolution
		{3D54C184-0256-4DF1-8B13-6F91296A14EB} = {02EA681E-C7D8-13C7-8484-4AC65E1B71E8}
		{70D2CE42-F853-4035-86C8-5DA3D9669695} = {02EA681E-C7D8-13C7-8484-4AC65E1B71E8}
		{C05F1FEF-2076-44ED-AC1C-19D484739036} = {02EA681E-C7D8-13C7-8484-4AC65E1B71E8}
		{D23B1872-BD4B-47DB-9AC3-A4183475F297} = {02EA681E-C7D8-13C7-8484-4AC65E1B71E8}
		{A30F3698-EE74-40A3-B082-073CEFADE148} = {02EA681E-C7D8-13C7-8484-4AC65E1B71E8}
		{2B3ED892-ADEF-4DB8-B8AB-3196C0EB6D4E} = {DC491762-BDA6-409B-BBE1-B4FEA9FD609E}
		{F8837F28-D763-4DE2-19B7-D91858BE8F7A} = {DC491762-BDA6-409B-BBE1-B4FEA9FD609E}
	EndGlobalSection
	GlobalSection(ExtensibilityGlobals) = postSolution
		SolutionGuid = {39ED0C3B-6134-47F4-BF99-FC78CC9438EC}
	EndGlobalSection
EndGlobal
